
Microsoft Visual Studio Solution File, Format Version 12.00
# Visual Studio Version 17
VisualStudioVersion = 17.13.35919.96 d17.13
MinimumVisualStudioVersion = 10.0.40219.1
Project("{FAE04EC0-301F-11D3-BF4B-00C04F79EFBC}") = "BookHub", "BookHub\BookHub.csproj", "{69FEE431-0D5D-4E0F-A9D9-7796CBA0C069}"
EndProject
Project("{FAE04EC0-301F-11D3-BF4B-00C04F79EFBC}") = "BookHub.Client", "BookHub.Client\BookHub.Client.csproj", "{4C5F2663-6B0B-4696-B2B5-3A925A7FC596}"
EndProject
Global
	GlobalSection(SolutionConfigurationPlatforms) = preSolution
		Debug|Any CPU = Debug|Any CPU
		Release|Any CPU = Release|Any CPU
	EndGlobalSection
	GlobalSection(ProjectConfigurationPlatforms) = postSolution
		{69FEE431-0D5D-4E0F-A9D9-7796CBA0C069}.Debug|Any CPU.ActiveCfg = Debug|Any CPU
		{69FEE431-0D5D-4E0F-A9D9-7796CBA0C069}.Debug|Any CPU.Build.0 = Debug|Any CPU
		{69FEE431-0D5D-4E0F-A9D9-7796CBA0C069}.Release|Any CPU.ActiveCfg = Release|Any CPU
		{69FEE431-0D5D-4E0F-A9D9-7796CBA0C069}.Release|Any CPU.Build.0 = Release|Any CPU
		{4C5F2663-6B0B-4696-B2B5-3A925A7FC596}.Debug|Any CPU.ActiveCfg = Debug|Any CPU
		{4C5F2663-6B0B-4696-B2B5-3A925A7FC596}.Debug|Any CPU.Build.0 = Debug|Any CPU
		{4C5F2663-6B0B-4696-B2B5-3A925A7FC596}.Release|Any CPU.ActiveCfg = Release|Any CPU
		{4C5F2663-6B0B-4696-B2B5-3A925A7FC596}.Release|Any CPU.Build.0 = Release|Any CPU
	EndGlobalSection
	GlobalSection(SolutionProperties) = preSolution
		HideSolutionNode = FALSE
	EndGlobalSection
	GlobalSection(ExtensibilityGlobals) = postSolution
		SolutionGuid = {6C13723A-6403-4D62-BFE6-C786E6298BF0}
	EndGlobalSection
EndGlobal
